
Microsoft Visual Studio Solution File, Format Version 12.00
# Visual Studio Version 17
VisualStudioVersion = 17.4.33403.182
MinimumVisualStudioVersion = 10.0.40219.1
Project("{FAE04EC0-301F-11D3-BF4B-00C04F79EFBC}") = "PersonalSite", "PersonalSite\PersonalSite.csproj", "{6FC32FC0-7636-44A7-89FF-764A382E7205}"
EndProject
Global
	GlobalSection(SolutionConfigurationPlatforms) = preSolution
		Debug|Any CPU = Debug|Any CPU
		Release|Any CPU = Release|Any CPU
	EndGlobalSection
	GlobalSection(ProjectConfigurationPlatforms) = postSolution
		{6FC32FC0-7636-44A7-89FF-764A382E7205}.Debug|Any CPU.ActiveCfg = Debug|Any CPU
		{6FC32FC0-7636-44A7-89FF-764A382E7205}.Debug|Any CPU.Build.0 = Debug|Any CPU
		{6FC32FC0-7636-44A7-89FF-764A382E7205}.Release|Any CPU.ActiveCfg = Release|Any CPU
		{6FC32FC0-7636-44A7-89FF-764A382E7205}.Release|Any CPU.Build.0 = Release|Any CPU
	EndGlobalSection
	GlobalSection(SolutionProperties) = preSolution
		HideSolutionNode = FALSE
	EndGlobalSection
	GlobalSection(ExtensibilityGlobals) = postSolution
		SolutionGuid = {0E1C96C4-8AC7-4A54-9135-519225396DBC}
	EndGlobalSection
EndGlobal
